// !$*UTF8*$!
{
	archiveVersion = 1;
	classes = {
	};
	objectVersion = 51;
	objects = {

/* Begin PBXBuildFile section */
		996D8F108E0674B1DE9CF356 /* Pods_WeatherApp.framework in Frameworks */ = {isa = PBXBuildFile; fileRef = 48FD807408107BDCFE7721BA /* Pods_WeatherApp.framework */; };
		EA3CC7B728176FD400A721F0 /* AppDelegate.swift in Sources */ = {isa = PBXBuildFile; fileRef = EA3CC7B628176FD400A721F0 /* AppDelegate.swift */; };
		EA3CC7B928176FD400A721F0 /* SceneDelegate.swift in Sources */ = {isa = PBXBuildFile; fileRef = EA3CC7B828176FD400A721F0 /* SceneDelegate.swift */; };
		EA3CC7BB28176FD400A721F0 /* ViewController.swift in Sources */ = {isa = PBXBuildFile; fileRef = EA3CC7BA28176FD400A721F0 /* ViewController.swift */; };
		EA3CC7BE28176FD400A721F0 /* Main.storyboard in Resources */ = {isa = PBXBuildFile; fileRef = EA3CC7BC28176FD400A721F0 /* Main.storyboard */; };
		EA3CC7C028176FD500A721F0 /* Assets.xcassets in Resources */ = {isa = PBXBuildFile; fileRef = EA3CC7BF28176FD500A721F0 /* Assets.xcassets */; };
		EA3CC7C328176FD500A721F0 /* LaunchScreen.storyboard in Resources */ = {isa = PBXBuildFile; fileRef = EA3CC7C128176FD500A721F0 /* LaunchScreen.storyboard */; };
		EA4C60A42817C70900B219B0 /* WeatherData.swift in Sources */ = {isa = PBXBuildFile; fileRef = EA4C60A32817C70900B219B0 /* WeatherData.swift */; };
		EA4C60A62817C87100B219B0 /* WeatherModel.swift in Sources */ = {isa = PBXBuildFile; fileRef = EA4C60A52817C87100B219B0 /* WeatherModel.swift */; };
		EA4C60AE2817CB1A00B219B0 /* WeatherManger.swift in Sources */ = {isa = PBXBuildFile; fileRef = EA4C60AD2817CB1A00B219B0 /* WeatherManger.swift */; };
/* End PBXBuildFile section */

/* Begin PBXFileReference section */
		12D5CEA8DEB827E34BC58ECC /* Pods-WeatherApp.debug.xcconfig */ = {isa = PBXFileReference; includeInIndex = 1; lastKnownFileType = text.xcconfig; name = "Pods-WeatherApp.debug.xcconfig"; path = "Target Support Files/Pods-WeatherApp/Pods-WeatherApp.debug.xcconfig"; sourceTree = "<group>"; };
		48FD807408107BDCFE7721BA /* Pods_WeatherApp.framework */ = {isa = PBXFileReference; explicitFileType = wrapper.framework; includeInIndex = 0; path = Pods_WeatherApp.framework; sourceTree = BUILT_PRODUCTS_DIR; };
		C29A878AFC5C4B726F52EB4B /* Pods-WeatherApp.release.xcconfig */ = {isa = PBXFileReference; includeInIndex = 1; lastKnownFileType = text.xcconfig; name = "Pods-WeatherApp.release.xcconfig"; path = "Target Support Files/Pods-WeatherApp/Pods-WeatherApp.release.xcconfig"; sourceTree = "<group>"; };
		EA3CC7B328176FD400A721F0 /* WeatherApp.app */ = {isa = PBXFileReference; explicitFileType = wrapper.application; includeInIndex = 0; path = WeatherApp.app; sourceTree = BUILT_PRODUCTS_DIR; };
		EA3CC7B628176FD400A721F0 /* AppDelegate.swift */ = {isa = PBXFileReference; lastKnownFileType = sourcecode.swift; path = AppDelegate.swift; sourceTree = "<group>"; };
		EA3CC7B828176FD400A721F0 /* SceneDelegate.swift */ = {isa = PBXFileReference; lastKnownFileType = sourcecode.swift; path = SceneDelegate.swift; sourceTree = "<group>"; };
		EA3CC7BA28176FD400A721F0 /* ViewController.swift */ = {isa = PBXFileReference; lastKnownFileType = sourcecode.swift; path = ViewController.swift; sourceTree = "<group>"; };
		EA3CC7BD28176FD400A721F0 /* Base */ = {isa = PBXFileReference; lastKnownFileType = file.storyboard; name = Base; path = Base.lproj/Main.storyboard; sourceTree = "<group>"; };
		EA3CC7BF28176FD500A721F0 /* Assets.xcassets */ = {isa = PBXFileReference; lastKnownFileType = folder.assetcatalog; path = Assets.xcassets; sourceTree = "<group>"; };
		EA3CC7C228176FD500A721F0 /* Base */ = {isa = PBXFileReference; lastKnownFileType = file.storyboard; name = Base; path = Base.lproj/LaunchScreen.storyboard; sourceTree = "<group>"; };
		EA3CC7C428176FD500A721F0 /* Info.plist */ = {isa = PBXFileReference; lastKnownFileType = text.plist.xml; path = Info.plist; sourceTree = "<group>"; };
		EA4C60A32817C70900B219B0 /* WeatherData.swift */ = {isa = PBXFileReference; lastKnownFileType = sourcecode.swift; path = WeatherData.swift; sourceTree = "<group>"; };
		EA4C60A52817C87100B219B0 /* WeatherModel.swift */ = {isa = PBXFileReference; lastKnownFileType = sourcecode.swift; path = WeatherModel.swift; sourceTree = "<group>"; };
		EA4C60AD2817CB1A00B219B0 /* WeatherManger.swift */ = {isa = PBXFileReference; lastKnownFileType = sourcecode.swift; path = WeatherManger.swift; sourceTree = "<group>"; };
/* End PBXFileReference section */

/* Begin PBXFrameworksBuildPhase section */
		EA3CC7B028176FD400A721F0 /* Frameworks */ = {
			isa = PBXFrameworksBuildPhase;
			buildActionMask = 2147483647;
			files = (
				996D8F108E0674B1DE9CF356 /* Pods_WeatherApp.framework in Frameworks */,
			);
			runOnlyForDeploymentPostprocessing = 0;
		};
/* End PBXFrameworksBuildPhase section */

/* Begin PBXGroup section */
		5C8EDE7E2BFE7C9EBBFA8E57 /* Frameworks */ = {
			isa = PBXGroup;
			children = (
				48FD807408107BDCFE7721BA /* Pods_WeatherApp.framework */,
			);
			name = Frameworks;
			sourceTree = "<group>";
		};
		9EAC81563B15E482B81ACF8F /* Pods */ = {
			isa = PBXGroup;
			children = (
				12D5CEA8DEB827E34BC58ECC /* Pods-WeatherApp.debug.xcconfig */,
				C29A878AFC5C4B726F52EB4B /* Pods-WeatherApp.release.xcconfig */,
			);
			path = Pods;
			sourceTree = "<group>";
		};
		EA36D742281A5DAD00666E74 /* Controller */ = {
			isa = PBXGroup;
			children = (
				EA3CC7BA28176FD400A721F0 /* ViewController.swift */,
			);
			path = Controller;
			sourceTree = "<group>";
		};
		EA3CC7AA28176FD400A721F0 = {
			isa = PBXGroup;
			children = (
				EA3CC7B528176FD400A721F0 /* WeatherApp */,
				EA3CC7B428176FD400A721F0 /* Products */,
				9EAC81563B15E482B81ACF8F /* Pods */,
				5C8EDE7E2BFE7C9EBBFA8E57 /* Frameworks */,
			);
			sourceTree = "<group>";
		};
		EA3CC7B428176FD400A721F0 /* Products */ = {
			isa = PBXGroup;
			children = (
				EA3CC7B328176FD400A721F0 /* WeatherApp.app */,
			);
			name = Products;
			sourceTree = "<group>";
		};
		EA3CC7B528176FD400A721F0 /* WeatherApp */ = {
			isa = PBXGroup;
			children = (
				EA36D742281A5DAD00666E74 /* Controller */,
				EA4C60A82817C97900B219B0 /* Views */,
				EA4C60A72817C96500B219B0 /* Models */,
				EA3CC7B628176FD400A721F0 /* AppDelegate.swift */,
				EA3CC7B828176FD400A721F0 /* SceneDelegate.swift */,
				EA3CC7BF28176FD500A721F0 /* Assets.xcassets */,
				EA3CC7C128176FD500A721F0 /* LaunchScreen.storyboard */,
				EA3CC7C428176FD500A721F0 /* Info.plist */,
			);
			path = WeatherApp;
			sourceTree = "<group>";
		};
		EA4C60A72817C96500B219B0 /* Models */ = {
			isa = PBXGroup;
			children = (
				EA4C60AD2817CB1A00B219B0 /* WeatherManger.swift */,
				EA4C60A52817C87100B219B0 /* WeatherModel.swift */,
				EA4C60A32817C70900B219B0 /* WeatherData.swift */,
			);
			path = Models;
			sourceTree = "<group>";
		};
		EA4C60A82817C97900B219B0 /* Views */ = {
			isa = PBXGroup;
			children = (
				EA3CC7BC28176FD400A721F0 /* Main.storyboard */,
			);
			path = Views;
			sourceTree = "<group>";
		};
/* End PBXGroup section */

/* Begin PBXNativeTarget section */
		EA3CC7B228176FD400A721F0 /* WeatherApp */ = {
			isa = PBXNativeTarget;
			buildConfigurationList = EA3CC7C728176FD500A721F0 /* Build configuration list for PBXNativeTarget "WeatherApp" */;
			buildPhases = (
				78922A2037BB7A85A251652C /* [CP] Check Pods Manifest.lock */,
				EA3CC7AF28176FD400A721F0 /* Sources */,
				EA3CC7B028176FD400A721F0 /* Frameworks */,
				EA3CC7B128176FD400A721F0 /* Resources */,
				4587B9B27A481FCFBCC8B018 /* [CP] Embed Pods Frameworks */,
			);
			buildRules = (
			);
			dependencies = (
			);
			name = WeatherApp;
			productName = WeatherApp;
			productReference = EA3CC7B328176FD400A721F0 /* WeatherApp.app */;
			productType = "com.apple.product-type.application";
		};
/* End PBXNativeTarget section */

/* Begin PBXProject section */
		EA3CC7AB28176FD400A721F0 /* Project object */ = {
			isa = PBXProject;
			attributes = {
				LastSwiftUpdateCheck = 1140;
				LastUpgradeCheck = 1140;
				ORGANIZATIONNAME = "Omar Tharwat";
				TargetAttributes = {
					EA3CC7B228176FD400A721F0 = {
						CreatedOnToolsVersion = 11.4;
					};
				};
			};
			buildConfigurationList = EA3CC7AE28176FD400A721F0 /* Build configuration list for PBXProject "WeatherApp" */;
			compatibilityVersion = "Xcode 9.3";
			developmentRegion = en;
			hasScannedForEncodings = 0;
			knownRegions = (
				en,
				Base,
			);
			mainGroup = EA3CC7AA28176FD400A721F0;
			productRefGroup = EA3CC7B428176FD400A721F0 /* Products */;
			projectDirPath = "";
			projectRoot = "";
			targets = (
				EA3CC7B228176FD400A721F0 /* WeatherApp */,
			);
		};
/* End PBXProject section */

/* Begin PBXResourcesBuildPhase section */
		EA3CC7B128176FD400A721F0 /* Resources */ = {
			isa = PBXResourcesBuildPhase;
			buildActionMask = 2147483647;
			files = (
				EA3CC7C328176FD500A721F0 /* LaunchScreen.storyboard in Resources */,
				EA3CC7C028176FD500A721F0 /* Assets.xcassets in Resources */,
				EA3CC7BE28176FD400A721F0 /* Main.storyboard in Resources */,
			);
			runOnlyForDeploymentPostprocessing = 0;
		};
/* End PBXResourcesBuildPhase section */

/* Begin PBXShellScriptBuildPhase section */
		4587B9B27A481FCFBCC8B018 /* [CP] Embed Pods Frameworks */ = {
			isa = PBXShellScriptBuildPhase;
			buildActionMask = 2147483647;
			files = (
			);
			inputFileListPaths = (
				"${PODS_ROOT}/Target Support Files/Pods-WeatherApp/Pods-WeatherApp-frameworks-${CONFIGURATION}-input-files.xcfilelist",
			);
			name = "[CP] Embed Pods Frameworks";
			outputFileListPaths = (
				"${PODS_ROOT}/Target Support Files/Pods-WeatherApp/Pods-WeatherApp-frameworks-${CONFIGURATION}-output-files.xcfilelist",
			);
			runOnlyForDeploymentPostprocessing = 0;
			shellPath = /bin/sh;
			shellScript = "\"${PODS_ROOT}/Target Support Files/Pods-WeatherApp/Pods-WeatherApp-frameworks.sh\"\n";
			showEnvVarsInLog = 0;
		};
		78922A2037BB7A85A251652C /* [CP] Check Pods Manifest.lock */ = {
			isa = PBXShellScriptBuildPhase;
			buildActionMask = 2147483647;
			files = (
			);
			inputFileListPaths = (
			);
			inputPaths = (
				"${PODS_PODFILE_DIR_PATH}/Podfile.lock",
				"${PODS_ROOT}/Manifest.lock",
			);
			name = "[CP] Check Pods Manifest.lock";
			outputFileListPaths = (
			);
			outputPaths = (
				"$(DERIVED_FILE_DIR)/Pods-WeatherApp-checkManifestLockResult.txt",
			);
			runOnlyForDeploymentPostprocessing = 0;
			shellPath = /bin/sh;
			shellScript = "diff \"${PODS_PODFILE_DIR_PATH}/Podfile.lock\" \"${PODS_ROOT}/Manifest.lock\" > /dev/null\nif [ $? != 0 ] ; then\n    # print error to STDERR\n    echo \"error: The sandbox is not in sync with the Podfile.lock. Run 'pod install' or update your CocoaPods installation.\" >&2\n    exit 1\nfi\n# This output is used by Xcode 'outputs' to avoid re-running this script phase.\necho \"SUCCESS\" > \"${SCRIPT_OUTPUT_FILE_0}\"\n";
			showEnvVarsInLog = 0;
		};
/* End PBXShellScriptBuildPhase section */

/* Begin PBXSourcesBuildPhase section */
		EA3CC7AF28176FD400A721F0 /* Sources */ = {
			isa = PBXSourcesBuildPhase;
			buildActionMask = 2147483647;
			files = (
				EA3CC7BB28176FD400A721F0 /* ViewController.swift in Sources */,
				EA3CC7B728176FD400A721F0 /* AppDelegate.swift in Sources */,
				EA4C60A42817C70900B219B0 /* WeatherData.swift in Sources */,
				EA3CC7B928176FD400A721F0 /* SceneDelegate.swift in Sources */,
				EA4C60A62817C87100B219B0 /* WeatherModel.swift in Sources */,
				EA4C60AE2817CB1A00B219B0 /* WeatherManger.swift in Sources */,
			);
			runOnlyForDeploymentPostprocessing = 0;
		};
/* End PBXSourcesBuildPhase section */

/* Begin PBXVariantGroup section */
		EA3CC7BC28176FD400A721F0 /* Main.storyboard */ = {
			isa = PBXVariantGroup;
			children = (
				EA3CC7BD28176FD400A721F0 /* Base */,
			);
			name = Main.storyboard;
			sourceTree = "<group>";
		};
		EA3CC7C128176FD500A721F0 /* LaunchScreen.storyboard */ = {
			isa = PBXVariantGroup;
			children = (
				EA3CC7C228176FD500A721F0 /* Base */,
			);
			name = LaunchScreen.storyboard;
			sourceTree = "<group>";
		};
/* End PBXVariantGroup section */

/* Begin XCBuildConfiguration section */
		EA3CC7C528176FD500A721F0 /* Debug */ = {
			isa = XCBuildConfiguration;
			buildSettings = {
				ALWAYS_SEARCH_USER_PATHS = NO;
				CLANG_ANALYZER_NONNULL = YES;
				CLANG_ANALYZER_NUMBER_OBJECT_CONVERSION = YES_AGGRESSIVE;
				CLANG_CXX_LANGUAGE_STANDARD = "gnu++14";
				CLANG_CXX_LIBRARY = "libc++";
				CLANG_ENABLE_MODULES = YES;
				CLANG_ENABLE_OBJC_ARC = YES;
				CLANG_ENABLE_OBJC_WEAK = YES;
				CLANG_WARN_BLOCK_CAPTURE_AUTORELEASING = YES;
				CLANG_WARN_BOOL_CONVERSION = YES;
				CLANG_WARN_COMMA = YES;
				CLANG_WARN_CONSTANT_CONVERSION = YES;
				CLANG_WARN_DEPRECATED_OBJC_IMPLEMENTATIONS = YES;
				CLANG_WARN_DIRECT_OBJC_ISA_USAGE = YES_ERROR;
				CLANG_WARN_DOCUMENTATION_COMMENTS = YES;
				CLANG_WARN_EMPTY_BODY = YES;
				CLANG_WARN_ENUM_CONVERSION = YES;
				CLANG_WARN_INFINITE_RECURSION = YES;
				CLANG_WARN_INT_CONVERSION = YES;
				CLANG_WARN_NON_LITERAL_NULL_CONVERSION = YES;
				CLANG_WARN_OBJC_IMPLICIT_RETAIN_SELF = YES;
				CLANG_WARN_OBJC_LITERAL_CONVERSION = YES;
				CLANG_WARN_OBJC_ROOT_CLASS = YES_ERROR;
				CLANG_WARN_RANGE_LOOP_ANALYSIS = YES;
				CLANG_WARN_STRICT_PROTOTYPES = YES;
				CLANG_WARN_SUSPICIOUS_MOVE = YES;
				CLANG_WARN_UNGUARDED_AVAILABILITY = YES_AGGRESSIVE;
				CLANG_WARN_UNREACHABLE_CODE = YES;
				CLANG_WARN__DUPLICATE_METHOD_MATCH = YES;
				COPY_PHASE_STRIP = NO;
				DEBUG_INFORMATION_FORMAT = dwarf;
				ENABLE_STRICT_OBJC_MSGSEND = YES;
				ENABLE_TESTABILITY = YES;
				GCC_C_LANGUAGE_STANDARD = gnu11;
				GCC_DYNAMIC_NO_PIC = NO;
				GCC_NO_COMMON_BLOCKS = YES;
				GCC_OPTIMIZATION_LEVEL = 0;
				GCC_PREPROCESSOR_DEFINITIONS = (
					"DEBUG=1",
					"$(inherited)",
				);
				GCC_WARN_64_TO_32_BIT_CONVERSION = YES;
				GCC_WARN_ABOUT_RETURN_TYPE = YES_ERROR;
				GCC_WARN_UNDECLARED_SELECTOR = YES;
				GCC_WARN_UNINITIALIZED_AUTOS = YES_AGGRESSIVE;
				GCC_WARN_UNUSED_FUNCTION = YES;
				GCC_WARN_UNUSED_VARIABLE = YES;
				IPHONEOS_DEPLOYMENT_TARGET = 13.4;
				MTL_ENABLE_DEBUG_INFO = INCLUDE_SOURCE;
				MTL_FAST_MATH = YES;
				ONLY_ACTIVE_ARCH = YES;
				SDKROOT = iphoneos;
				SWIFT_ACTIVE_COMPILATION_CONDITIONS = DEBUG;
				SWIFT_OPTIMIZATION_LEVEL = "-Onone";
			};
			name = Debug;
		};
		EA3CC7C628176FD500A721F0 /* Release */ = {
			isa = XCBuildConfiguration;
			buildSettings = {
				ALWAYS_SEARCH_USER_PATHS = NO;
				CLANG_ANALYZER_NONNULL = YES;
				CLANG_ANALYZER_NUMBER_OBJECT_CONVERSION = YES_AGGRESSIVE;
				CLANG_CXX_LANGUAGE_STANDARD = "gnu++14";
				CLANG_CXX_LIBRARY = "libc++";
				CLANG_ENABLE_MODULES = YES;
				CLANG_ENABLE_OBJC_ARC = YES;
				CLANG_ENABLE_OBJC_WEAK = YES;
				CLANG_WARN_BLOCK_CAPTURE_AUTORELEASING = YES;
				CLANG_WARN_BOOL_CONVERSION = YES;
				CLANG_WARN_COMMA = YES;
				CLANG_WARN_CONSTANT_CONVERSION = YES;
				CLANG_WARN_DEPRECATED_OBJC_IMPLEMENTATIONS = YES;
				CLANG_WARN_DIRECT_OBJC_ISA_USAGE = YES_ERROR;
				CLANG_WARN_DOCUMENTATION_COMMENTS = YES;
				CLANG_WARN_EMPTY_BODY = YES;
				CLANG_WARN_ENUM_CONVERSION = YES;
				CLANG_WARN_INFINITE_RECURSION = YES;
				CLANG_WARN_INT_CONVERSION = YES;
				CLANG_WARN_NON_LITERAL_NULL_CONVERSION = YES;
				CLANG_WARN_OBJC_IMPLICIT_RETAIN_SELF = YES;
				CLANG_WARN_OBJC_LITERAL_CONVERSION = YES;
				CLANG_WARN_OBJC_ROOT_CLASS = YES_ERROR;
				CLANG_WARN_RANGE_LOOP_ANALYSIS = YES;
				CLANG_WARN_STRICT_PROTOTYPES = YES;
				CLANG_WARN_SUSPICIOUS_MOVE = YES;
				CLANG_WARN_UNGUARDED_AVAILABILITY = YES_AGGRESSIVE;
				CLANG_WARN_UNREACHABLE_CODE = YES;
				CLANG_WARN__DUPLICATE_METHOD_MATCH = YES;
				COPY_PHASE_STRIP = NO;
				DEBUG_INFORMATION_FORMAT = "dwarf-with-dsym";
				ENABLE_NS_ASSERTIONS = NO;
				ENABLE_STRICT_OBJC_MSGSEND = YES;
				GCC_C_LANGUAGE_STANDARD = gnu11;
				GCC_NO_COMMON_BLOCKS = YES;
				GCC_WARN_64_TO_32_BIT_CONVERSION = YES;
				GCC_WARN_ABOUT_RETURN_TYPE = YES_ERROR;
				GCC_WARN_UNDECLARED_SELECTOR = YES;
				GCC_WARN_UNINITIALIZED_AUTOS = YES_AGGRESSIVE;
				GCC_WARN_UNUSED_FUNCTION = YES;
				GCC_WARN_UNUSED_VARIABLE = YES;
				IPHONEOS_DEPLOYMENT_TARGET = 13.4;
				MTL_ENABLE_DEBUG_INFO = NO;
				MTL_FAST_MATH = YES;
				SDKROOT = iphoneos;
				SWIFT_COMPILATION_MODE = wholemodule;
				SWIFT_OPTIMIZATION_LEVEL = "-O";
				VALIDATE_PRODUCT = YES;
			};
			name = Release;
		};
		EA3CC7C828176FD500A721F0 /* Debug */ = {
			isa = XCBuildConfiguration;
			baseConfigurationReference = 12D5CEA8DEB827E34BC58ECC /* Pods-WeatherApp.debug.xcconfig */;
			buildSettings = {
				ASSETCATALOG_COMPILER_APPICON_NAME = AppIcon;
				CODE_SIGN_STYLE = Automatic;
				INFOPLIST_FILE = WeatherApp/Info.plist;
				LD_RUNPATH_SEARCH_PATHS = (
					"$(inherited)",
					"@executable_path/Frameworks",
				);
				PRODUCT_BUNDLE_IDENTIFIER = com.Omar.WeatherApp;
				PRODUCT_NAME = "$(TARGET_NAME)";
				SWIFT_VERSION = 5.0;
				TARGETED_DEVICE_FAMILY = "1,2";
			};
			name = Debug;
		};
		EA3CC7C928176FD500A721F0 /* Release */ = {
			isa = XCBuildConfiguration;
			baseConfigurationReference = C29A878AFC5C4B726F52EB4B /* Pods-WeatherApp.release.xcconfig */;
			buildSettings = {
				ASSETCATALOG_COMPILER_APPICON_NAME = AppIcon;
				CODE_SIGN_STYLE = Automatic;
				INFOPLIST_FILE = WeatherApp/Info.plist;
				LD_RUNPATH_SEARCH_PATHS = (
					"$(inherited)",
					"@executable_path/Frameworks",
				);
				PRODUCT_BUNDLE_IDENTIFIER = com.Omar.WeatherApp;
				PRODUCT_NAME = "$(TARGET_NAME)";
				SWIFT_VERSION = 5.0;
				TARGETED_DEVICE_FAMILY = "1,2";
			};
			name = Release;
		};
/* End XCBuildConfiguration section */

/* Begin XCConfigurationList section */
		EA3CC7AE28176FD400A721F0 /* Build configuration list for PBXProject "WeatherApp" */ = {
			isa = XCConfigurationList;
			buildConfigurations = (
				EA3CC7C528176FD500A721F0 /* Debug */,
				EA3CC7C628176FD500A721F0 /* Release */,
			);
			defaultConfigurationIsVisible = 0;
			defaultConfigurationName = Release;
		};
		EA3CC7C728176FD500A721F0 /* Build configuration list for PBXNativeTarget "WeatherApp" */ = {
			isa = XCConfigurationList;
			buildConfigurations = (
				EA3CC7C828176FD500A721F0 /* Debug */,
				EA3CC7C928176FD500A721F0 /* Release */,
			);
			defaultConfigurationIsVisible = 0;
			defaultConfigurationName = Release;
		};
/* End XCConfigurationList section */
	};
	rootObject = EA3CC7AB28176FD400A721F0 /* Project object */;
}
